
Microsoft Visual Studio Solution File, Format Version 12.00
# Visual Studio Version 17
VisualStudioVersion = 17.13.35828.75 d17.13
MinimumVisualStudioVersion = 10.0.40219.1
Project("{FAE04EC0-301F-11D3-BF4B-00C04F79EFBC}") = "PrideMonthMod", "PrideMonthMod.csproj", "{C3846718-34DA-4C5B-B953-EEC33B9FDE4E}"
EndProject
Global
	GlobalSection(SolutionConfigurationPlatforms) = preSolution
		Debug|Any CPU = Debug|Any CPU
		Release|Any CPU = Release|Any CPU
	EndGlobalSection
	GlobalSection(ProjectConfigurationPlatforms) = postSolution
		{C3846718-34DA-4C5B-B953-EEC33B9FDE4E}.Debug|Any CPU.ActiveCfg = Debug|Any CPU
		{C3846718-34DA-4C5B-B953-EEC33B9FDE4E}.Debug|Any CPU.Build.0 = Debug|Any CPU
		{C3846718-34DA-4C5B-B953-EEC33B9FDE4E}.Release|Any CPU.ActiveCfg = Release|Any CPU
		{C3846718-34DA-4C5B-B953-EEC33B9FDE4E}.Release|Any CPU.Build.0 = Release|Any CPU
	EndGlobalSection
	GlobalSection(SolutionProperties) = preSolution
		HideSolutionNode = FALSE
	EndGlobalSection
	GlobalSection(ExtensibilityGlobals) = postSolution
		SolutionGuid = {424E9751-C318-4305-BAC4-487CFA2722BC}
	EndGlobalSection
EndGlobal
